
Microsoft Visual Studio Solution File, Format Version 12.00
# Visual Studio 15
VisualStudioVersion = 15.0.26730.15
MinimumVisualStudioVersion = 10.0.40219.1
Project("{9A19103F-16F7-4668-BE54-9A1E7A4F7556}") = "RockPaperDynamite", "RockPaperDynamite\RockPaperDynamite.csproj", "{84A06759-3C5B-4AC4-A461-BB1A47A6C865}"
EndProject
Project("{9A19103F-16F7-4668-BE54-9A1E7A4F7556}") = "RockPaperDynamiteEngine", "RockPaperDynamiteEngine\RockPaperDynamiteEngine.csproj", "{26D31C94-457A-4D03-95E7-B9BDC9FFC2BB}"
EndProject
Project("{9A19103F-16F7-4668-BE54-9A1E7A4F7556}") = "SimpleExampleBot", "SimpleExampleBot\SimpleExampleBot.csproj", "{0BEC0A53-722E-4C54-A5FF-7D735206AC17}"
EndProject
Project("{9A19103F-16F7-4668-BE54-9A1E7A4F7556}") = "SimpleExampleBot2", "SimpleExampleBot2\SimpleExampleBot2.csproj", "{BC8B50EC-FCFE-4FFF-846C-BAFF36E330D4}"
EndProject
Project("{9A19103F-16F7-4668-BE54-9A1E7A4F7556}") = "ABetterBot", "ABetterBot\ABetterBot.csproj", "{3E815616-5857-415E-B6BD-1DC3627CC299}"
EndProject
Project("{9A19103F-16F7-4668-BE54-9A1E7A4F7556}") = "BotInterface", "BotInterface\BotInterface.csproj", "{94CD80EC-BEB4-4443-A70E-4FB80483CDF7}"
EndProject
Project("{9A19103F-16F7-4668-BE54-9A1E7A4F7556}") = "MEDrawBot", "MEDrawBot\MEDrawBot.csproj", "{396361D8-7930-411E-853D-F96A2F87824D}"
EndProject
Project("{9A19103F-16F7-4668-BE54-9A1E7A4F7556}") = "TestBots", "TestBots\TestBots.csproj", "{3A667422-139F-4197-9B10-3BE35538FD5C}"
EndProject
Project("{FAE04EC0-301F-11D3-BF4B-00C04F79EFBC}") = "MEDRAW2", "MEDRAW2\MEDRAW2.csproj", "{FD919877-522D-40EF-958E-74A3DAB600FF}"
EndProject
Project("{FAE04EC0-301F-11D3-BF4B-00C04F79EFBC}") = "MeLearn", "MeLearn\MeLearn.csproj", "{87E4109F-EED5-4F29-A02D-88162C840F46}"
EndProject
Project("{FAE04EC0-301F-11D3-BF4B-00C04F79EFBC}") = "MEDraw3", "MEDraw3\MEDraw3.csproj", "{B688CE99-2031-4BCC-87CB-E7B0214224C0}"
EndProject
Project("{FAE04EC0-301F-11D3-BF4B-00C04F79EFBC}") = "MELearn2", "MELearn2\MELearn2.csproj", "{BF7B8DA1-7E64-4C57-BCE2-366D4BB70BA0}"
EndProject
Global
	GlobalSection(SolutionConfigurationPlatforms) = preSolution
		Debug|Any CPU = Debug|Any CPU
		Release|Any CPU = Release|Any CPU
	EndGlobalSection
	GlobalSection(ProjectConfigurationPlatforms) = postSolution
		{84A06759-3C5B-4AC4-A461-BB1A47A6C865}.Debug|Any CPU.ActiveCfg = Debug|Any CPU
		{84A06759-3C5B-4AC4-A461-BB1A47A6C865}.Debug|Any CPU.Build.0 = Debug|Any CPU
		{84A06759-3C5B-4AC4-A461-BB1A47A6C865}.Release|Any CPU.ActiveCfg = Release|Any CPU
		{84A06759-3C5B-4AC4-A461-BB1A47A6C865}.Release|Any CPU.Build.0 = Release|Any CPU
		{26D31C94-457A-4D03-95E7-B9BDC9FFC2BB}.Debug|Any CPU.ActiveCfg = Debug|Any CPU
		{26D31C94-457A-4D03-95E7-B9BDC9FFC2BB}.Debug|Any CPU.Build.0 = Debug|Any CPU
		{26D31C94-457A-4D03-95E7-B9BDC9FFC2BB}.Release|Any CPU.ActiveCfg = Release|Any CPU
		{26D31C94-457A-4D03-95E7-B9BDC9FFC2BB}.Release|Any CPU.Build.0 = Release|Any CPU
		{0BEC0A53-722E-4C54-A5FF-7D735206AC17}.Debug|Any CPU.ActiveCfg = Debug|Any CPU
		{0BEC0A53-722E-4C54-A5FF-7D735206AC17}.Debug|Any CPU.Build.0 = Debug|Any CPU
		{0BEC0A53-722E-4C54-A5FF-7D735206AC17}.Release|Any CPU.ActiveCfg = Release|Any CPU
		{0BEC0A53-722E-4C54-A5FF-7D735206AC17}.Release|Any CPU.Build.0 = Release|Any CPU
		{BC8B50EC-FCFE-4FFF-846C-BAFF36E330D4}.Debug|Any CPU.ActiveCfg = Debug|Any CPU
		{BC8B50EC-FCFE-4FFF-846C-BAFF36E330D4}.Debug|Any CPU.Build.0 = Debug|Any CPU
		{BC8B50EC-FCFE-4FFF-846C-BAFF36E330D4}.Release|Any CPU.ActiveCfg = Release|Any CPU
		{BC8B50EC-FCFE-4FFF-846C-BAFF36E330D4}.Release|Any CPU.Build.0 = Release|Any CPU
		{3E815616-5857-415E-B6BD-1DC3627CC299}.Debug|Any CPU.ActiveCfg = Debug|Any CPU
		{3E815616-5857-415E-B6BD-1DC3627CC299}.Debug|Any CPU.Build.0 = Debug|Any CPU
		{3E815616-5857-415E-B6BD-1DC3627CC299}.Release|Any CPU.ActiveCfg = Release|Any CPU
		{3E815616-5857-415E-B6BD-1DC3627CC299}.Release|Any CPU.Build.0 = Release|Any CPU
		{94CD80EC-BEB4-4443-A70E-4FB80483CDF7}.Debug|Any CPU.ActiveCfg = Debug|Any CPU
		{94CD80EC-BEB4-4443-A70E-4FB80483CDF7}.Debug|Any CPU.Build.0 = Debug|Any CPU
		{94CD80EC-BEB4-4443-A70E-4FB80483CDF7}.Release|Any CPU.ActiveCfg = Release|Any CPU
		{94CD80EC-BEB4-4443-A70E-4FB80483CDF7}.Release|Any CPU.Build.0 = Release|Any CPU
		{396361D8-7930-411E-853D-F96A2F87824D}.Debug|Any CPU.ActiveCfg = Debug|Any CPU
		{396361D8-7930-411E-853D-F96A2F87824D}.Debug|Any CPU.Build.0 = Debug|Any CPU
		{396361D8-7930-411E-853D-F96A2F87824D}.Release|Any CPU.ActiveCfg = Release|Any CPU
		{396361D8-7930-411E-853D-F96A2F87824D}.Release|Any CPU.Build.0 = Release|Any CPU
		{3A667422-139F-4197-9B10-3BE35538FD5C}.Debug|Any CPU.ActiveCfg = Debug|Any CPU
		{3A667422-139F-4197-9B10-3BE35538FD5C}.Debug|Any CPU.Build.0 = Debug|Any CPU
		{3A667422-139F-4197-9B10-3BE35538FD5C}.Release|Any CPU.ActiveCfg = Release|Any CPU
		{3A667422-139F-4197-9B10-3BE35538FD5C}.Release|Any CPU.Build.0 = Release|Any CPU
		{FD919877-522D-40EF-958E-74A3DAB600FF}.Debug|Any CPU.ActiveCfg = Debug|Any CPU
		{FD919877-522D-40EF-958E-74A3DAB600FF}.Debug|Any CPU.Build.0 = Debug|Any CPU
		{FD919877-522D-40EF-958E-74A3DAB600FF}.Release|Any CPU.ActiveCfg = Release|Any CPU
		{FD919877-522D-40EF-958E-74A3DAB600FF}.Release|Any CPU.Build.0 = Release|Any CPU
		{87E4109F-EED5-4F29-A02D-88162C840F46}.Debug|Any CPU.ActiveCfg = Debug|Any CPU
		{87E4109F-EED5-4F29-A02D-88162C840F46}.Debug|Any CPU.Build.0 = Debug|Any CPU
		{87E4109F-EED5-4F29-A02D-88162C840F46}.Release|Any CPU.ActiveCfg = Release|Any CPU
		{87E4109F-EED5-4F29-A02D-88162C840F46}.Release|Any CPU.Build.0 = Release|Any CPU
		{B688CE99-2031-4BCC-87CB-E7B0214224C0}.Debug|Any CPU.ActiveCfg = Debug|Any CPU
		{B688CE99-2031-4BCC-87CB-E7B0214224C0}.Debug|Any CPU.Build.0 = Debug|Any CPU
		{B688CE99-2031-4BCC-87CB-E7B0214224C0}.Release|Any CPU.ActiveCfg = Release|Any CPU
		{B688CE99-2031-4BCC-87CB-E7B0214224C0}.Release|Any CPU.Build.0 = Release|Any CPU
		{BF7B8DA1-7E64-4C57-BCE2-366D4BB70BA0}.Debug|Any CPU.ActiveCfg = Debug|Any CPU
		{BF7B8DA1-7E64-4C57-BCE2-366D4BB70BA0}.Debug|Any CPU.Build.0 = Debug|Any CPU
		{BF7B8DA1-7E64-4C57-BCE2-366D4BB70BA0}.Release|Any CPU.ActiveCfg = Release|Any CPU
		{BF7B8DA1-7E64-4C57-BCE2-366D4BB70BA0}.Release|Any CPU.Build.0 = Release|Any CPU
	EndGlobalSection
	GlobalSection(SolutionProperties) = preSolution
		HideSolutionNode = FALSE
	EndGlobalSection
	GlobalSection(ExtensibilityGlobals) = postSolution
		SolutionGuid = {95BC5E9C-3EB3-419A-94A5-AF77650F7DF6}
	EndGlobalSection
EndGlobal
